
Microsoft Visual Studio Solution File, Format Version 12.00
# Visual Studio 15
VisualStudioVersion = 15.0.27004.2009
MinimumVisualStudioVersion = 10.0.40219.1
Project("{F184B08F-C81C-45F6-A57F-5ABD9991F28F}") = "AgniProject", "AgniProject\AgniProject.vbproj", "{E0374FD8-D919-486D-BA3D-88B9CB226C27}"
EndProject
Project("{F184B08F-C81C-45F6-A57F-5ABD9991F28F}") = "CButtonLib", "Library Projects\CButton\CButton\CButtonLib.vbproj", "{24116FE6-8501-45F0-ADD0-67FFFB037BAF}"
EndProject
Project("{F184B08F-C81C-45F6-A57F-5ABD9991F28F}") = "ElaCustomComboBoxControl", "Library Projects\ElaCustomComboBoxControl\ElaCustomComboBoxControl.vbproj", "{91FC3CDB-3E9E-427C-AB25-DD63E1FE38D8}"
EndProject
Project("{F184B08F-C81C-45F6-A57F-5ABD9991F28F}") = "ElaCustomTextBoxControl", "Library Projects\ElaCustomTextBoxControl\ElaCustomTextBoxControl.vbproj", "{58B5C64D-F476-4674-9F23-AC7747757613}"
EndProject
Project("{F184B08F-C81C-45F6-A57F-5ABD9991F28F}") = "ElaCustomGroupBoxControl", "Library Projects\ElaCustomGroupBoxControl\ElaCustomGroupBoxControl.vbproj", "{5202A278-AF63-4A42-B073-73EF512483C2}"
EndProject
Project("{F184B08F-C81C-45F6-A57F-5ABD9991F28F}") = "ElaCustomDateTimePrickerControl", "Library Projects\ElaCustomDateTimePrickerControl\ElaCustomDateTimePrickerControl.vbproj", "{D6783024-221F-4EB6-A72A-AFD1D56E8FC0}"
EndProject
Project("{54435603-DBB4-11D2-8724-00A0C9A8B90C}") = "AgniBillingAppSetup", "AgniBillingAppSetup\AgniBillingAppSetup.vdproj", "{C1C15A52-5E36-4034-B1C2-41A0596ED221}"
EndProject
Global
	GlobalSection(SolutionConfigurationPlatforms) = preSolution
		Debug|Any CPU = Debug|Any CPU
		Release|Any CPU = Release|Any CPU
	EndGlobalSection
	GlobalSection(ProjectConfigurationPlatforms) = postSolution
		{E0374FD8-D919-486D-BA3D-88B9CB226C27}.Debug|Any CPU.ActiveCfg = Debug|Any CPU
		{E0374FD8-D919-486D-BA3D-88B9CB226C27}.Debug|Any CPU.Build.0 = Debug|Any CPU
		{E0374FD8-D919-486D-BA3D-88B9CB226C27}.Release|Any CPU.ActiveCfg = Release|Any CPU
		{E0374FD8-D919-486D-BA3D-88B9CB226C27}.Release|Any CPU.Build.0 = Release|Any CPU
		{24116FE6-8501-45F0-ADD0-67FFFB037BAF}.Debug|Any CPU.ActiveCfg = Debug|Any CPU
		{24116FE6-8501-45F0-ADD0-67FFFB037BAF}.Debug|Any CPU.Build.0 = Debug|Any CPU
		{24116FE6-8501-45F0-ADD0-67FFFB037BAF}.Release|Any CPU.ActiveCfg = Release|Any CPU
		{24116FE6-8501-45F0-ADD0-67FFFB037BAF}.Release|Any CPU.Build.0 = Release|Any CPU
		{91FC3CDB-3E9E-427C-AB25-DD63E1FE38D8}.Debug|Any CPU.ActiveCfg = Debug|Any CPU
		{91FC3CDB-3E9E-427C-AB25-DD63E1FE38D8}.Debug|Any CPU.Build.0 = Debug|Any CPU
		{91FC3CDB-3E9E-427C-AB25-DD63E1FE38D8}.Release|Any CPU.ActiveCfg = Release|Any CPU
		{91FC3CDB-3E9E-427C-AB25-DD63E1FE38D8}.Release|Any CPU.Build.0 = Release|Any CPU
		{58B5C64D-F476-4674-9F23-AC7747757613}.Debug|Any CPU.ActiveCfg = Debug|Any CPU
		{58B5C64D-F476-4674-9F23-AC7747757613}.Debug|Any CPU.Build.0 = Debug|Any CPU
		{58B5C64D-F476-4674-9F23-AC7747757613}.Release|Any CPU.ActiveCfg = Release|Any CPU
		{58B5C64D-F476-4674-9F23-AC7747757613}.Release|Any CPU.Build.0 = Release|Any CPU
		{5202A278-AF63-4A42-B073-73EF512483C2}.Debug|Any CPU.ActiveCfg = Debug|Any CPU
		{5202A278-AF63-4A42-B073-73EF512483C2}.Debug|Any CPU.Build.0 = Debug|Any CPU
		{5202A278-AF63-4A42-B073-73EF512483C2}.Release|Any CPU.ActiveCfg = Release|Any CPU
		{5202A278-AF63-4A42-B073-73EF512483C2}.Release|Any CPU.Build.0 = Release|Any CPU
		{D6783024-221F-4EB6-A72A-AFD1D56E8FC0}.Debug|Any CPU.ActiveCfg = Debug|Any CPU
		{D6783024-221F-4EB6-A72A-AFD1D56E8FC0}.Debug|Any CPU.Build.0 = Debug|Any CPU
		{D6783024-221F-4EB6-A72A-AFD1D56E8FC0}.Release|Any CPU.ActiveCfg = Release|Any CPU
		{D6783024-221F-4EB6-A72A-AFD1D56E8FC0}.Release|Any CPU.Build.0 = Release|Any CPU
		{C1C15A52-5E36-4034-B1C2-41A0596ED221}.Debug|Any CPU.ActiveCfg = Debug
		{C1C15A52-5E36-4034-B1C2-41A0596ED221}.Release|Any CPU.ActiveCfg = Release
	EndGlobalSection
	GlobalSection(SolutionProperties) = preSolution
		HideSolutionNode = FALSE
	EndGlobalSection
	GlobalSection(ExtensibilityGlobals) = postSolution
		SolutionGuid = {B335E27D-B3B5-4A5E-8687-29A885CFB402}
	EndGlobalSection
EndGlobal
